
Microsoft Visual Studio Solution File, Format Version 12.00
# Visual Studio Version 17
VisualStudioVersion = 17.13.35825.156
MinimumVisualStudioVersion = 10.0.40219.1
Project("{FAE04EC0-301F-11D3-BF4B-00C04F79EFBC}") = "SA.LeavePlatform.Service", "SA.LeavePlatform.Service\SA.LeavePlatform.Service.csproj", "{D5D8FE4B-8886-48B9-ABC9-2DF389A92AD1}"
EndProject
Project("{FAE04EC0-301F-11D3-BF4B-00C04F79EFBC}") = "SA.LeavePlatform.Domain", "SA.LeavePlatform.Domain\SA.LeavePlatform.Domain.csproj", "{5A93C8DB-C03F-41DB-862A-0E6159DF3904}"
EndProject
Project("{FAE04EC0-301F-11D3-BF4B-00C04F79EFBC}") = "SA.LeavePlatform.Infrastructure", "SA.LeavePlatform.Infrastructure\SA.LeavePlatform.Infrastructure.csproj", "{CA4609BE-A749-4C51-A519-F2264AE44825}"
EndProject
Global
	GlobalSection(SolutionConfigurationPlatforms) = preSolution
		Debug|Any CPU = Debug|Any CPU
		Release|Any CPU = Release|Any CPU
	EndGlobalSection
	GlobalSection(ProjectConfigurationPlatforms) = postSolution
		{D5D8FE4B-8886-48B9-ABC9-2DF389A92AD1}.Debug|Any CPU.ActiveCfg = Debug|Any CPU
		{D5D8FE4B-8886-48B9-ABC9-2DF389A92AD1}.Debug|Any CPU.Build.0 = Debug|Any CPU
		{D5D8FE4B-8886-48B9-ABC9-2DF389A92AD1}.Release|Any CPU.ActiveCfg = Release|Any CPU
		{D5D8FE4B-8886-48B9-ABC9-2DF389A92AD1}.Release|Any CPU.Build.0 = Release|Any CPU
		{5A93C8DB-C03F-41DB-862A-0E6159DF3904}.Debug|Any CPU.ActiveCfg = Debug|Any CPU
		{5A93C8DB-C03F-41DB-862A-0E6159DF3904}.Debug|Any CPU.Build.0 = Debug|Any CPU
		{5A93C8DB-C03F-41DB-862A-0E6159DF3904}.Release|Any CPU.ActiveCfg = Release|Any CPU
		{5A93C8DB-C03F-41DB-862A-0E6159DF3904}.Release|Any CPU.Build.0 = Release|Any CPU
		{CA4609BE-A749-4C51-A519-F2264AE44825}.Debug|Any CPU.ActiveCfg = Debug|Any CPU
		{CA4609BE-A749-4C51-A519-F2264AE44825}.Debug|Any CPU.Build.0 = Debug|Any CPU
		{CA4609BE-A749-4C51-A519-F2264AE44825}.Release|Any CPU.ActiveCfg = Release|Any CPU
		{CA4609BE-A749-4C51-A519-F2264AE44825}.Release|Any CPU.Build.0 = Release|Any CPU
	EndGlobalSection
	GlobalSection(SolutionProperties) = preSolution
		HideSolutionNode = FALSE
	EndGlobalSection
	GlobalSection(ExtensibilityGlobals) = postSolution
		SolutionGuid = {896EE1C2-2FF4-4C49-8861-F4BCF4276C48}
	EndGlobalSection
EndGlobal
